
Microsoft Visual Studio Solution File, Format Version 11.00
# Visual Studio 2010
Project("{8BC9CEB8-8B4A-11D0-8D11-00A0C91BC942}") = "KeyboardTester", "KeyboardTester\KeyboardTester.vcxproj", "{E3018FD1-03A2-4E8E-AB14-F3276CA4BC3E}"
EndProject
Global
	GlobalSection(SolutionConfigurationPlatforms) = preSolution
		Debug|Win32 = Debug|Win32
		Release|Win32 = Release|Win32
	EndGlobalSection
	GlobalSection(ProjectConfigurationPlatforms) = postSolution
		{E3018FD1-03A2-4E8E-AB14-F3276CA4BC3E}.Debug|Win32.ActiveCfg = Debug|Win32
		{E3018FD1-03A2-4E8E-AB14-F3276CA4BC3E}.Debug|Win32.Build.0 = Debug|Win32
		{E3018FD1-03A2-4E8E-AB14-F3276CA4BC3E}.Release|Win32.ActiveCfg = Release|Win32
		{E3018FD1-03A2-4E8E-AB14-F3276CA4BC3E}.Release|Win32.Build.0 = Release|Win32
	EndGlobalSection
	GlobalSection(SolutionProperties) = preSolution
		HideSolutionNode = FALSE
	EndGlobalSection
EndGlobal
